
Microsoft Visual Studio Solution File, Format Version 12.00
# Visual Studio Version 16
VisualStudioVersion = 16.0.30717.126
MinimumVisualStudioVersion = 10.0.40219.1
Project("{FAE04EC0-301F-11D3-BF4B-00C04F79EFBC}") = "DapperAuthorizationBasic", "DapperAuthorizationBasic\DapperAuthorizationBasic.csproj", "{F25E1BB6-398F-4C8F-91FB-AFF17E01C251}"
EndProject
Project("{FAE04EC0-301F-11D3-BF4B-00C04F79EFBC}") = "BusinessLogic", "BusinessLogic\BusinessLogic.csproj", "{6811683E-0598-4CB6-80F7-9123E22CB0E2}"
EndProject
Global
	GlobalSection(SolutionConfigurationPlatforms) = preSolution
		Debug|Any CPU = Debug|Any CPU
		Release|Any CPU = Release|Any CPU
	EndGlobalSection
	GlobalSection(ProjectConfigurationPlatforms) = postSolution
		{F25E1BB6-398F-4C8F-91FB-AFF17E01C251}.Debug|Any CPU.ActiveCfg = Debug|Any CPU
		{F25E1BB6-398F-4C8F-91FB-AFF17E01C251}.Debug|Any CPU.Build.0 = Debug|Any CPU
		{F25E1BB6-398F-4C8F-91FB-AFF17E01C251}.Release|Any CPU.ActiveCfg = Release|Any CPU
		{F25E1BB6-398F-4C8F-91FB-AFF17E01C251}.Release|Any CPU.Build.0 = Release|Any CPU
		{6811683E-0598-4CB6-80F7-9123E22CB0E2}.Debug|Any CPU.ActiveCfg = Debug|Any CPU
		{6811683E-0598-4CB6-80F7-9123E22CB0E2}.Debug|Any CPU.Build.0 = Debug|Any CPU
		{6811683E-0598-4CB6-80F7-9123E22CB0E2}.Release|Any CPU.ActiveCfg = Release|Any CPU
		{6811683E-0598-4CB6-80F7-9123E22CB0E2}.Release|Any CPU.Build.0 = Release|Any CPU
	EndGlobalSection
	GlobalSection(SolutionProperties) = preSolution
		HideSolutionNode = FALSE
	EndGlobalSection
	GlobalSection(ExtensibilityGlobals) = postSolution
		SolutionGuid = {EDA2E4A6-1234-406E-AF96-1C0DD97C6523}
	EndGlobalSection
EndGlobal
